
Microsoft Visual Studio Solution File, Format Version 12.00
# Visual Studio 15
VisualStudioVersion = 15.0.26403.7
MinimumVisualStudioVersion = 10.0.40219.1
Project("{2150E333-8FDC-42A3-9474-1A3956D46DE8}") = "Domain", "Domain", "{C09F42D1-CE8E-4513-90E2-E947AB2F9B3B}"
EndProject
Project("{2150E333-8FDC-42A3-9474-1A3956D46DE8}") = "Data", "Data", "{1D5D83FF-BE0B-4C06-A814-0FA24E1F3287}"
EndProject
Project("{2150E333-8FDC-42A3-9474-1A3956D46DE8}") = "Infrastructure", "Infrastructure", "{F8EE8B1D-CB2F-4F45-86BD-F0EC0FCBE9EC}"
EndProject
Project("{2150E333-8FDC-42A3-9474-1A3956D46DE8}") = "Presentation", "Presentation", "{86EDCED2-9C01-48A3-A63B-85F91DA30BB2}"
EndProject
Project("{2150E333-8FDC-42A3-9474-1A3956D46DE8}") = "Test", "Test", "{8168BD92-D805-4DC0-9F46-558BFB198AE1}"
EndProject
Project("{FAE04EC0-301F-11D3-BF4B-00C04F79EFBC}") = "Yuvia.Web", "Presentation\Yuvia.Web\Yuvia.Web.csproj", "{53C41FF8-237B-4877-BD4E-0D5B33B54EAD}"
EndProject
Project("{FAE04EC0-301F-11D3-BF4B-00C04F79EFBC}") = "Yuvia.Domain.Tests", "Test\Yuvia.Domain.Tests\Yuvia.Domain.Tests.csproj", "{6B291CFF-0285-41C0-91E6-9B255BDE6841}"
EndProject
Project("{FAE04EC0-301F-11D3-BF4B-00C04F79EFBC}") = "Yuvia.Data.SqlServer", "Data\Yuvia.Data.SqlServer\Yuvia.Data.SqlServer.csproj", "{13DB682E-3CD3-4743-9B05-9CF6E65C8624}"
EndProject
Project("{2150E333-8FDC-42A3-9474-1A3956D46DE8}") = "Data", "Data", "{5CD2753C-17D5-419F-9D92-2920D6294A14}"
EndProject
Project("{FAE04EC0-301F-11D3-BF4B-00C04F79EFBC}") = "Yuvia.Data.SqlServer.Tests", "Test\Yuvia.Data.SqlServer.Tests\Yuvia.Data.SqlServer.Tests.csproj", "{02B75E09-0D8E-43DF-854F-4A684DF4B53B}"
EndProject
Project("{2150E333-8FDC-42A3-9474-1A3956D46DE8}") = "Jobs", "Jobs", "{2713774D-61AB-4BF8-8BF6-63AC7CCAF3DA}"
EndProject
Project("{FAE04EC0-301F-11D3-BF4B-00C04F79EFBC}") = "Yuvia.Core", "Domain\Yuvia.Core\Yuvia.Core.csproj", "{2A025814-F443-4BDD-898B-CF6FE8D12FAE}"
EndProject
Project("{FAE04EC0-301F-11D3-BF4B-00C04F79EFBC}") = "Yuvia.Services", "Domain\Yuvia.Services\Yuvia.Services.csproj", "{9F3FC7ED-4226-4A9F-9615-783A1A1151F3}"
EndProject
Global
	GlobalSection(SolutionConfigurationPlatforms) = preSolution
		Debug|Any CPU = Debug|Any CPU
		Release|Any CPU = Release|Any CPU
	EndGlobalSection
	GlobalSection(ProjectConfigurationPlatforms) = postSolution
		{53C41FF8-237B-4877-BD4E-0D5B33B54EAD}.Debug|Any CPU.ActiveCfg = Debug|Any CPU
		{53C41FF8-237B-4877-BD4E-0D5B33B54EAD}.Debug|Any CPU.Build.0 = Debug|Any CPU
		{53C41FF8-237B-4877-BD4E-0D5B33B54EAD}.Release|Any CPU.ActiveCfg = Release|Any CPU
		{53C41FF8-237B-4877-BD4E-0D5B33B54EAD}.Release|Any CPU.Build.0 = Release|Any CPU
		{6B291CFF-0285-41C0-91E6-9B255BDE6841}.Debug|Any CPU.ActiveCfg = Debug|Any CPU
		{6B291CFF-0285-41C0-91E6-9B255BDE6841}.Debug|Any CPU.Build.0 = Debug|Any CPU
		{6B291CFF-0285-41C0-91E6-9B255BDE6841}.Release|Any CPU.ActiveCfg = Release|Any CPU
		{6B291CFF-0285-41C0-91E6-9B255BDE6841}.Release|Any CPU.Build.0 = Release|Any CPU
		{13DB682E-3CD3-4743-9B05-9CF6E65C8624}.Debug|Any CPU.ActiveCfg = Debug|Any CPU
		{13DB682E-3CD3-4743-9B05-9CF6E65C8624}.Debug|Any CPU.Build.0 = Debug|Any CPU
		{13DB682E-3CD3-4743-9B05-9CF6E65C8624}.Release|Any CPU.ActiveCfg = Release|Any CPU
		{13DB682E-3CD3-4743-9B05-9CF6E65C8624}.Release|Any CPU.Build.0 = Release|Any CPU
		{02B75E09-0D8E-43DF-854F-4A684DF4B53B}.Debug|Any CPU.ActiveCfg = Debug|Any CPU
		{02B75E09-0D8E-43DF-854F-4A684DF4B53B}.Debug|Any CPU.Build.0 = Debug|Any CPU
		{02B75E09-0D8E-43DF-854F-4A684DF4B53B}.Release|Any CPU.ActiveCfg = Release|Any CPU
		{02B75E09-0D8E-43DF-854F-4A684DF4B53B}.Release|Any CPU.Build.0 = Release|Any CPU
		{2A025814-F443-4BDD-898B-CF6FE8D12FAE}.Debug|Any CPU.ActiveCfg = Debug|Any CPU
		{2A025814-F443-4BDD-898B-CF6FE8D12FAE}.Debug|Any CPU.Build.0 = Debug|Any CPU
		{2A025814-F443-4BDD-898B-CF6FE8D12FAE}.Release|Any CPU.ActiveCfg = Release|Any CPU
		{2A025814-F443-4BDD-898B-CF6FE8D12FAE}.Release|Any CPU.Build.0 = Release|Any CPU
		{9F3FC7ED-4226-4A9F-9615-783A1A1151F3}.Debug|Any CPU.ActiveCfg = Debug|Any CPU
		{9F3FC7ED-4226-4A9F-9615-783A1A1151F3}.Debug|Any CPU.Build.0 = Debug|Any CPU
		{9F3FC7ED-4226-4A9F-9615-783A1A1151F3}.Release|Any CPU.ActiveCfg = Release|Any CPU
		{9F3FC7ED-4226-4A9F-9615-783A1A1151F3}.Release|Any CPU.Build.0 = Release|Any CPU
	EndGlobalSection
	GlobalSection(SolutionProperties) = preSolution
		HideSolutionNode = FALSE
	EndGlobalSection
	GlobalSection(NestedProjects) = preSolution
		{53C41FF8-237B-4877-BD4E-0D5B33B54EAD} = {86EDCED2-9C01-48A3-A63B-85F91DA30BB2}
		{6B291CFF-0285-41C0-91E6-9B255BDE6841} = {8168BD92-D805-4DC0-9F46-558BFB198AE1}
		{13DB682E-3CD3-4743-9B05-9CF6E65C8624} = {1D5D83FF-BE0B-4C06-A814-0FA24E1F3287}
		{5CD2753C-17D5-419F-9D92-2920D6294A14} = {8168BD92-D805-4DC0-9F46-558BFB198AE1}
		{02B75E09-0D8E-43DF-854F-4A684DF4B53B} = {5CD2753C-17D5-419F-9D92-2920D6294A14}
		{2A025814-F443-4BDD-898B-CF6FE8D12FAE} = {C09F42D1-CE8E-4513-90E2-E947AB2F9B3B}
		{9F3FC7ED-4226-4A9F-9615-783A1A1151F3} = {C09F42D1-CE8E-4513-90E2-E947AB2F9B3B}
	EndGlobalSection
EndGlobal
